name: "Update flake.lock" 
on:
  workflow_dispatch:
  schedule:
    - cron: '0 0 * * 0' # Weekly on Saturday 00:00

jobs:
  update-lockfile:
    runs-on: ubuntu-latest
    steps:
      - name: Checkout Code 
        uses: actions/checkout@v4

      - name: Install Nix
        uses: DeterminateSystems/nix-installer-action@main

      - name: Update flake.lock
        uses: DeterminateSystems/update-flake-lock@main
        with:
          pr-title: "chore(nixos): update flake.lock"
          pr-labels: |
            automated

